
Microsoft Visual Studio Solution File, Format Version 12.00
# Visual Studio 15
VisualStudioVersion = 15.0.28307.421
MinimumVisualStudioVersion = 10.0.40219.1
Project("{FAE04EC0-301F-11D3-BF4B-00C04F79EFBC}") = "XamarinCamera", "XamarinCamera\XamarinCamera.csproj", "{5B119381-F4B9-4F62-8EFE-D61196C14197}"
EndProject
Global
	GlobalSection(SolutionConfigurationPlatforms) = preSolution
		Debug|Any CPU = Debug|Any CPU
		Release|Any CPU = Release|Any CPU
	EndGlobalSection
	GlobalSection(ProjectConfigurationPlatforms) = postSolution
		{5B119381-F4B9-4F62-8EFE-D61196C14197}.Debug|Any CPU.ActiveCfg = Debug|Any CPU
		{5B119381-F4B9-4F62-8EFE-D61196C14197}.Debug|Any CPU.Build.0 = Debug|Any CPU
		{5B119381-F4B9-4F62-8EFE-D61196C14197}.Debug|Any CPU.Deploy.0 = Debug|Any CPU
		{5B119381-F4B9-4F62-8EFE-D61196C14197}.Release|Any CPU.ActiveCfg = Release|Any CPU
		{5B119381-F4B9-4F62-8EFE-D61196C14197}.Release|Any CPU.Build.0 = Release|Any CPU
		{5B119381-F4B9-4F62-8EFE-D61196C14197}.Release|Any CPU.Deploy.0 = Release|Any CPU
	EndGlobalSection
	GlobalSection(SolutionProperties) = preSolution
		HideSolutionNode = FALSE
	EndGlobalSection
	GlobalSection(ExtensibilityGlobals) = postSolution
		SolutionGuid = {5995F8C7-5390-44B7-98BA-E3D42A1D8794}
	EndGlobalSection
EndGlobal
